
Microsoft Visual Studio Solution File, Format Version 12.00
# Visual Studio Version 16
VisualStudioVersion = 16.0.30503.244
MinimumVisualStudioVersion = 10.0.40219.1
Project("{9A19103F-16F7-4668-BE54-9A1E7A4F7556}") = "DataLoader", "DataLoader.csproj", "{95F9F2DB-0E85-4927-8B27-4D6E31359E62}"
EndProject
Project("{9A19103F-16F7-4668-BE54-9A1E7A4F7556}") = "BookRepo.Data", "..\BookDepo.data\BookRepo.Data.csproj", "{0472ABA8-7BA0-4E37-95CD-93732FDAA73D}"
EndProject
Project("{9A19103F-16F7-4668-BE54-9A1E7A4F7556}") = "BookRepo.DataMiner", "..\BookRepo.DataMiner\BookRepo.DataMiner.csproj", "{3B02851B-9388-4713-B01B-1F19F100CB5C}"
EndProject
Global
	GlobalSection(SolutionConfigurationPlatforms) = preSolution
		Debug|Any CPU = Debug|Any CPU
		Release|Any CPU = Release|Any CPU
	EndGlobalSection
	GlobalSection(ProjectConfigurationPlatforms) = postSolution
		{95F9F2DB-0E85-4927-8B27-4D6E31359E62}.Debug|Any CPU.ActiveCfg = Debug|Any CPU
		{95F9F2DB-0E85-4927-8B27-4D6E31359E62}.Debug|Any CPU.Build.0 = Debug|Any CPU
		{95F9F2DB-0E85-4927-8B27-4D6E31359E62}.Release|Any CPU.ActiveCfg = Release|Any CPU
		{95F9F2DB-0E85-4927-8B27-4D6E31359E62}.Release|Any CPU.Build.0 = Release|Any CPU
		{0472ABA8-7BA0-4E37-95CD-93732FDAA73D}.Debug|Any CPU.ActiveCfg = Debug|Any CPU
		{0472ABA8-7BA0-4E37-95CD-93732FDAA73D}.Debug|Any CPU.Build.0 = Debug|Any CPU
		{0472ABA8-7BA0-4E37-95CD-93732FDAA73D}.Release|Any CPU.ActiveCfg = Release|Any CPU
		{0472ABA8-7BA0-4E37-95CD-93732FDAA73D}.Release|Any CPU.Build.0 = Release|Any CPU
		{3B02851B-9388-4713-B01B-1F19F100CB5C}.Debug|Any CPU.ActiveCfg = Debug|Any CPU
		{3B02851B-9388-4713-B01B-1F19F100CB5C}.Debug|Any CPU.Build.0 = Debug|Any CPU
		{3B02851B-9388-4713-B01B-1F19F100CB5C}.Release|Any CPU.ActiveCfg = Release|Any CPU
		{3B02851B-9388-4713-B01B-1F19F100CB5C}.Release|Any CPU.Build.0 = Release|Any CPU
	EndGlobalSection
	GlobalSection(SolutionProperties) = preSolution
		HideSolutionNode = FALSE
	EndGlobalSection
	GlobalSection(ExtensibilityGlobals) = postSolution
		SolutionGuid = {224AD2E8-7514-464E-8BD1-50D9FC45F46E}
	EndGlobalSection
EndGlobal
